
Microsoft Visual Studio Solution File, Format Version 12.00
# Visual Studio 15
VisualStudioVersion = 15.0.28307.757
MinimumVisualStudioVersion = 10.0.40219.1
Project("{FAE04EC0-301F-11D3-BF4B-00C04F79EFBC}") = "GerandoPDF", "GerandoPDF\GerandoPDF.csproj", "{BD1EE705-CF64-4982-8BAC-55361EE1FF26}"
EndProject
Global
	GlobalSection(SolutionConfigurationPlatforms) = preSolution
		Debug|Any CPU = Debug|Any CPU
		Release|Any CPU = Release|Any CPU
	EndGlobalSection
	GlobalSection(ProjectConfigurationPlatforms) = postSolution
		{BD1EE705-CF64-4982-8BAC-55361EE1FF26}.Debug|Any CPU.ActiveCfg = Debug|Any CPU
		{BD1EE705-CF64-4982-8BAC-55361EE1FF26}.Debug|Any CPU.Build.0 = Debug|Any CPU
		{BD1EE705-CF64-4982-8BAC-55361EE1FF26}.Release|Any CPU.ActiveCfg = Release|Any CPU
		{BD1EE705-CF64-4982-8BAC-55361EE1FF26}.Release|Any CPU.Build.0 = Release|Any CPU
	EndGlobalSection
	GlobalSection(SolutionProperties) = preSolution
		HideSolutionNode = FALSE
	EndGlobalSection
	GlobalSection(ExtensibilityGlobals) = postSolution
		SolutionGuid = {2E1667E9-3080-46FB-B2D3-2DA57F918CAA}
	EndGlobalSection
EndGlobal
